
Microsoft Visual Studio Solution File, Format Version 12.00
# Visual Studio Version 17
VisualStudioVersion = 17.6.33723.286
MinimumVisualStudioVersion = 10.0.40219.1
Project("{FAE04EC0-301F-11D3-BF4B-00C04F79EFBC}") = "TP2_tuberculose", "TP2_tuberculose.csproj", "{3A8A4B83-06CD-4E82-9936-5B8E2BDBDB2E}"
EndProject
Global
	GlobalSection(SolutionConfigurationPlatforms) = preSolution
		Debug|Any CPU = Debug|Any CPU
		Release|Any CPU = Release|Any CPU
	EndGlobalSection
	GlobalSection(ProjectConfigurationPlatforms) = postSolution
		{3A8A4B83-06CD-4E82-9936-5B8E2BDBDB2E}.Debug|Any CPU.ActiveCfg = Debug|Any CPU
		{3A8A4B83-06CD-4E82-9936-5B8E2BDBDB2E}.Debug|Any CPU.Build.0 = Debug|Any CPU
		{3A8A4B83-06CD-4E82-9936-5B8E2BDBDB2E}.Release|Any CPU.ActiveCfg = Release|Any CPU
		{3A8A4B83-06CD-4E82-9936-5B8E2BDBDB2E}.Release|Any CPU.Build.0 = Release|Any CPU
	EndGlobalSection
	GlobalSection(SolutionProperties) = preSolution
		HideSolutionNode = FALSE
	EndGlobalSection
	GlobalSection(ExtensibilityGlobals) = postSolution
		SolutionGuid = {97E46EF3-7CA1-4546-8B7D-CEA44EC960A5}
	EndGlobalSection
EndGlobal
